<?xml version="1.0" encoding="utf-8"?>
<Project ToolsVersion="4.0" xmlns="http://schemas.microsoft.com/developer/msbuild/2003">
  <ItemGroup>
    <Filter Include="Source Files">
      <UniqueIdentifier>{4FC737F1-C7A5-4376-A066-2A32D752A2FF}</UniqueIdentifier>
      <Extensions>cpp;c;cc;cxx;c++;cppm;ixx;def;odl;idl;hpj;bat;asm;asmx</Extensions>
    </Filter>
    <Filter Include="Header Files">
      <UniqueIdentifier>{93995380-89BD-4b04-88EB-625FBE52EBFB}</UniqueIdentifier>
      <Extensions>h;hh;hpp;hxx;h++;hm;inl;inc;ipp;xsd</Extensions>
    </Filter>
    <Filter Include="Resource Files">
      <UniqueIdentifier>{67DA6AB6-F800-4c08-8B7A-83BB121AAD01}</UniqueIdentifier>
      <Extensions>rc;ico;cur;bmp;dlg;rc2;rct;bin;rgs;gif;jpg;jpeg;jpe;resx;tiff;tif;png;wav;mfcribbon-ms</Extensions>
    </Filter>
    <Filter Include="Resource Files\Resources">
      <UniqueIdentifier>{ec175753-84d9-4781-bd7a-c2a1bcb56cab}</UniqueIdentifier>
    </Filter>
    <Filter Include="Header Files\Windows">
      <UniqueIdentifier>{bd66bef8-5b49-4965-8fa0-fde4f0ba3e48}</UniqueIdentifier>
    </Filter>
    <Filter Include="Source Files\Discord">
      <UniqueIdentifier>{5b8e314d-7910-4ba4-8722-58ff5e3ff6dd}</UniqueIdentifier>
    </Filter>
    <Filter Include="Source Files\Windows">
      <UniqueIdentifier>{6c57dfcb-2940-4d09-96c1-6ed567c4bf04}</UniqueIdentifier>
    </Filter>
    <Filter Include="Source Files\Deps">
      <UniqueIdentifier>{b6c48d61-732c-4089-b993-c5458ed5bc3d}</UniqueIdentifier>
    </Filter>
    <Filter Include="Source Files\Deps\Asio">
      <UniqueIdentifier>{8e44d3dc-2050-4d65-846a-3c9b3b0b880a}</UniqueIdentifier>
    </Filter>
    <Filter Include="Source Files\Deps\Mwas">
      <UniqueIdentifier>{09b7fb78-aa62-416c-ab35-65573760614c}</UniqueIdentifier>
    </Filter>
    <Filter Include="Source Files\Deps\Md5">
      <UniqueIdentifier>{8baa4f98-a70c-4417-afbc-c45523d2fb51}</UniqueIdentifier>
    </Filter>
    <Filter Include="Source Files\Deps\Httplib">
      <UniqueIdentifier>{552415f8-f70b-4d64-9741-f2722deed194}</UniqueIdentifier>
    </Filter>
    <Filter Include="Resource Files\Resources\Bitmaps">
      <UniqueIdentifier>{cc19d2da-c293-4a24-80f2-11ff83b2afd7}</UniqueIdentifier>
    </Filter>
    <Filter Include="Resource Files\Resources\Icons">
      <UniqueIdentifier>{3500c6fa-1abb-484f-81f5-bf54b8666f77}</UniqueIdentifier>
    </Filter>
    <Filter Include="Resource Files\Resources\Cursors">
      <UniqueIdentifier>{64b163e1-8714-4745-acb7-a73a12b8a7f3}</UniqueIdentifier>
    </Filter>
    <Filter Include="Resource Files\Resources\Animations">
      <UniqueIdentifier>{54d34c5a-4006-4852-a568-70c3248b47d3}</UniqueIdentifier>
    </Filter>
    <Filter Include="Source Files\Core">
      <UniqueIdentifier>{8c1abbde-7a03-467e-a29f-cbacd94811b8}</UniqueIdentifier>
    </Filter>
    <Filter Include="Source Files\Core\Config">
      <UniqueIdentifier>{db00d034-8cc8-47ee-8359-7104b1a1a82d}</UniqueIdentifier>
    </Filter>
    <Filter Include="Source Files\Core\Models">
      <UniqueIdentifier>{4d96c8c9-4b29-47da-95b4-a7e57936aef6}</UniqueIdentifier>
    </Filter>
    <Filter Include="Source Files\Core\Network">
      <UniqueIdentifier>{b80fca0f-2f26-4ad9-bc15-4a6305270e7f}</UniqueIdentifier>
    </Filter>
    <Filter Include="Source Files\Core\State">
      <UniqueIdentifier>{3069f198-7bc8-4737-9bf3-bc30a57de1dc}</UniqueIdentifier>
    </Filter>
    <Filter Include="Source Files\Core\Text">
      <UniqueIdentifier>{30f60976-f050-4a16-ba60-98fdf069130b}</UniqueIdentifier>
    </Filter>
    <Filter Include="Source Files\Core\Utils">
      <UniqueIdentifier>{41f0b7e5-de2e-4e13-be90-86a53ad404b9}</UniqueIdentifier>
    </Filter>
    <Filter Include="Header Files\Core">
      <UniqueIdentifier>{9a954d5f-c38c-4fa7-8445-0be01502c879}</UniqueIdentifier>
    </Filter>
    <Filter Include="Header Files\Core\Config">
      <UniqueIdentifier>{b3291a0c-8b3b-4546-a5f0-4bd11afaedcd}</UniqueIdentifier>
    </Filter>
    <Filter Include="Header Files\Core\Models">
      <UniqueIdentifier>{7c47a4e0-5c98-4d40-9790-4656fcbc9a1e}</UniqueIdentifier>
    </Filter>
    <Filter Include="Header Files\Core\Network">
      <UniqueIdentifier>{8014140e-4d3e-4281-be30-8f80624277a0}</UniqueIdentifier>
    </Filter>
    <Filter Include="Header Files\Core\Utils">
      <UniqueIdentifier>{96273105-fb6f-4166-88e3-b54dddd83f8d}</UniqueIdentifier>
    </Filter>
    <Filter Include="Header Files\Core\Text">
      <UniqueIdentifier>{7e32b133-9c6d-4c58-a66c-7b979253fea7}</UniqueIdentifier>
    </Filter>
    <Filter Include="Header Files\Core\State">
      <UniqueIdentifier>{ee4e145b-ff7d-4002-811a-e96284c08b8c}</UniqueIdentifier>
    </Filter>
    <Filter Include="Header Files\Windows\Core">
      <UniqueIdentifier>{3d6ec66b-587e-404b-bec9-34da8a13a962}</UniqueIdentifier>
    </Filter>
    <Filter Include="Header Files\Windows\UI">
      <UniqueIdentifier>{b641bd7e-2c0f-466a-95e8-de1086ce6fda}</UniqueIdentifier>
    </Filter>
    <Filter Include="Header Files\Windows\UI\Widgets">
      <UniqueIdentifier>{de502b4e-e5af-40ae-bc3b-0afab325bc42}</UniqueIdentifier>
    </Filter>
    <Filter Include="Header Files\Windows\UI\Lists">
      <UniqueIdentifier>{68b04e56-4284-4a49-9f01-a027492acb86}</UniqueIdentifier>
    </Filter>
    <Filter Include="Header Files\Windows\UI\Views">
      <UniqueIdentifier>{42f3664c-6668-4a66-ae1e-9b90f7406594}</UniqueIdentifier>
    </Filter>
    <Filter Include="Header Files\Windows\UI\Dialogs">
      <UniqueIdentifier>{401a8a8b-48c3-44be-a7a7-0806caffed8b}</UniqueIdentifier>
    </Filter>
    <Filter Include="Header Files\Windows\Services">
      <UniqueIdentifier>{43a6386d-bfd2-4dae-adc3-7866859098c2}</UniqueIdentifier>
    </Filter>
    <Filter Include="Header Files\Windows\Utils">
      <UniqueIdentifier>{c66eaeaa-0fb6-42e8-aa85-fb58babe0b34}</UniqueIdentifier>
    </Filter>
    <Filter Include="Header Files\Windows\Interfaces">
      <UniqueIdentifier>{deeb5cc1-b8c7-4920-93a6-0bb66059d3e5}</UniqueIdentifier>
    </Filter>
    <Filter Include="Header Files\Windows\Debug">
      <UniqueIdentifier>{5ce66466-6962-437d-8299-5ffdfbe892b8}</UniqueIdentifier>
    </Filter>
    <Filter Include="Source Files\Windows\Core">
      <UniqueIdentifier>{6c207956-8528-48ef-a290-a1686ff40ab5}</UniqueIdentifier>
    </Filter>
    <Filter Include="Source Files\Windows\UI">
      <UniqueIdentifier>{b5c484ca-392c-4c63-894e-6f6b613139ef}</UniqueIdentifier>
    </Filter>
    <Filter Include="Source Files\Windows\Services">
      <UniqueIdentifier>{83488ca4-c926-4039-ae70-dc27a25f22b3}</UniqueIdentifier>
    </Filter>
    <Filter Include="Source Files\Windows\Interfaces">
      <UniqueIdentifier>{ba8567dd-648b-4949-b7cd-499353273ead}</UniqueIdentifier>
    </Filter>
    <Filter Include="Source Files\Windows\Debug">
      <UniqueIdentifier>{4d8466d3-2ce7-4abf-a0cd-a2950a7dc8b6}</UniqueIdentifier>
    </Filter>
    <Filter Include="Source Files\Windows\UI\Widgets">
      <UniqueIdentifier>{115edbf1-97c2-4dc6-8469-4f6e18a8a99d}</UniqueIdentifier>
    </Filter>
    <Filter Include="Source Files\Windows\UI\Lists">
      <UniqueIdentifier>{635d1618-f2d2-40f9-a17e-7ea52b1a32e7}</UniqueIdentifier>
    </Filter>
    <Filter Include="Source Files\Windows\UI\Views">
      <UniqueIdentifier>{32fcc713-38d5-4da6-b3fe-656513fcbd70}</UniqueIdentifier>
    </Filter>
    <Filter Include="Source Files\Windows\UI\Dialogs">
      <UniqueIdentifier>{088d016f-d2ab-4604-95c7-b2b8077009be}</UniqueIdentifier>
    </Filter>
    <Filter Include="Source Files\Windows\Utils">
      <UniqueIdentifier>{3f27ecaa-4a00-4892-8851-e9c6dbd01f78}</UniqueIdentifier>
    </Filter>
  </ItemGroup>
  <ItemGroup>
    <Image Include="..\res\bitmaps\bmp_voice.bmp">
      <Filter>Resource Files\Resources\Bitmaps</Filter>
    </Image>
    <Image Include="..\res\bitmaps\bmp_banner.bmp">
      <Filter>Resource Files\Resources\Bitmaps</Filter>
    </Image>
    <Image Include="..\res\bitmaps\bmp_category.bmp">
      <Filter>Resource Files\Resources\Bitmaps</Filter>
    </Image>
    <Image Include="..\res\bitmaps\bmp_channel.bmp">
      <Filter>Resource Files\Resources\Bitmaps</Filter>
    </Image>
    <Image Include="..\res\bitmaps\bmp_default.bmp">
      <Filter>Resource Files\Resources\Bitmaps</Filter>
    </Image>
    <Image Include="..\res\bitmaps\bmp_dm.bmp">
      <Filter>Resource Files\Resources\Bitmaps</Filter>
    </Image>
    <Image Include="..\res\bitmaps\bmp_empty.bmp">
      <Filter>Resource Files\Resources\Bitmaps</Filter>
    </Image>
    <Image Include="..\res\bitmaps\bmp_groupdm.bmp">
      <Filter>Resource Files\Resources\Bitmaps</Filter>
    </Image>
    <Image Include="..\res\bitmaps\bmp_profile.bmp">
      <Filter>Resource Files\Resources\Bitmaps</Filter>
    </Image>
    <Image Include="..\res\bitmaps\bmp_status_dnd.bmp">
      <Filter>Resource Files\Resources\Bitmaps</Filter>
    </Image>
    <Image Include="..\res\bitmaps\bmp_status_idle.bmp">
      <Filter>Resource Files\Resources\Bitmaps</Filter>
    </Image>
    <Image Include="..\res\bitmaps\bmp_status_mask_circ.bmp">
      <Filter>Resource Files\Resources\Bitmaps</Filter>
    </Image>
    <Image Include="..\res\bitmaps\bmp_status_mask_moon.bmp">
      <Filter>Resource Files\Resources\Bitmaps</Filter>
    </Image>
    <Image Include="..\res\bitmaps\bmp_status_offline.bmp">
      <Filter>Resource Files\Resources\Bitmaps</Filter>
    </Image>
    <Image Include="..\res\bitmaps\bmp_status_online.bmp">
      <Filter>Resource Files\Resources\Bitmaps</Filter>
    </Image>
    <Image Include="..\res\icons\icon_add.ico">
      <Filter>Resource Files\Resources\Icons</Filter>
    </Image>
    <Image Include="..\res\icons\icon_balloon.ico">
      <Filter>Resource Files\Resources\Icons</Filter>
    </Image>
    <Image Include="..\res\icons\icon_balloon_block.ico">
      <Filter>Resource Files\Resources\Icons</Filter>
    </Image>
    <Image Include="..\res\icons\icon_bot.ico">
      <Filter>Resource Files\Resources\Icons</Filter>
    </Image>
    <Image Include="..\res\icons\icon_bot_2k.ico">
      <Filter>Resource Files\Resources\Icons</Filter>
    </Image>
    <Image Include="..\res\icons\icon_cancel.ico">
      <Filter>Resource Files\Resources\Icons</Filter>
    </Image>
    <Image Include="..\res\icons\icon_category.ico">
      <Filter>Resource Files\Resources\Icons</Filter>
    </Image>
    <Image Include="..\res\icons\icon_category_2k.ico">
      <Filter>Resource Files\Resources\Icons</Filter>
    </Image>
    <Image Include="..\res\icons\icon_category_collapse.ico">
      <Filter>Resource Files\Resources\Icons</Filter>
    </Image>
    <Image Include="..\res\icons\icon_category_expand.ico">
      <Filter>Resource Files\Resources\Icons</Filter>
    </Image>
    <Image Include="..\res\icons\icon_channel.ico">
      <Filter>Resource Files\Resources\Icons</Filter>
    </Image>
    <Image Include="..\res\icons\icon_channel_2k.ico">
      <Filter>Resource Files\Resources\Icons</Filter>
    </Image>
    <Image Include="..\res\icons\icon_channel_mentioned.ico">
      <Filter>Resource Files\Resources\Icons</Filter>
    </Image>
    <Image Include="..\res\icons\icon_channel_mentioned_2k.ico">
      <Filter>Resource Files\Resources\Icons</Filter>
    </Image>
    <Image Include="..\res\icons\icon_channel_unread.ico">
      <Filter>Resource Files\Resources\Icons</Filter>
    </Image>
    <Image Include="..\res\icons\icon_channel_unread_2k.ico">
      <Filter>Resource Files\Resources\Icons</Filter>
    </Image>
    <Image Include="..\res\icons\icon_discord.ico">
      <Filter>Resource Files\Resources\Icons</Filter>
    </Image>
    <Image Include="..\res\icons\icon_discord_2k.ico">
      <Filter>Resource Files\Resources\Icons</Filter>
    </Image>
    <Image Include="..\res\icons\icon_discord_small.ico">
      <Filter>Resource Files\Resources\Icons</Filter>
    </Image>
    <Image Include="..\res\icons\icon_dm.ico">
      <Filter>Resource Files\Resources\Icons</Filter>
    </Image>
    <Image Include="..\res\icons\icon_dm_2k.ico">
      <Filter>Resource Files\Resources\Icons</Filter>
    </Image>
    <Image Include="..\res\icons\icon_download.ico">
      <Filter>Resource Files\Resources\Icons</Filter>
    </Image>
    <Image Include="..\res\icons\icon_file.ico">
      <Filter>Resource Files\Resources\Icons</Filter>
    </Image>
    <Image Include="..\res\icons\icon_file_2k.ico">
      <Filter>Resource Files\Resources\Icons</Filter>
    </Image>
    <Image Include="..\res\icons\icon_groupdm.ico">
      <Filter>Resource Files\Resources\Icons</Filter>
    </Image>
    <Image Include="..\res\icons\icon_groupdm_2k.ico">
      <Filter>Resource Files\Resources\Icons</Filter>
    </Image>
    <Image Include="..\res\icons\icon_header_1.ico">
      <Filter>Resource Files\Resources\Icons</Filter>
    </Image>
    <Image Include="..\res\icons\icon_header_2.ico">
      <Filter>Resource Files\Resources\Icons</Filter>
    </Image>
    <Image Include="..\res\icons\icon_header_3.ico">
      <Filter>Resource Files\Resources\Icons</Filter>
    </Image>
    <Image Include="..\res\icons\icon_header_4.ico">
      <Filter>Resource Files\Resources\Icons</Filter>
    </Image>
    <Image Include="..\res\icons\icon_header_5.ico">
      <Filter>Resource Files\Resources\Icons</Filter>
    </Image>
    <Image Include="..\res\icons\icon_image_error.ico">
      <Filter>Resource Files\Resources\Icons</Filter>
    </Image>
    <Image Include="..\res\icons\icon_jump.ico">
      <Filter>Resource Files\Resources\Icons</Filter>
    </Image>
    <Image Include="..\res\icons\icon_jump_2k.ico">
      <Filter>Resource Files\Resources\Icons</Filter>
    </Image>
    <Image Include="..\res\icons\icon_mark_read.ico">
      <Filter>Resource Files\Resources\Icons</Filter>
    </Image>
    <Image Include="..\res\icons\icon_mark_read_2k.ico">
      <Filter>Resource Files\Resources\Icons</Filter>
    </Image>
    <Image Include="..\res\icons\icon_marker_1.ico">
      <Filter>Resource Files\Resources\Icons</Filter>
    </Image>
    <Image Include="..\res\icons\icon_marker_2.ico">
      <Filter>Resource Files\Resources\Icons</Filter>
    </Image>
    <Image Include="..\res\icons\icon_marker_3.ico">
      <Filter>Resource Files\Resources\Icons</Filter>
    </Image>
    <Image Include="..\res\icons\icon_marker_4.ico">
      <Filter>Resource Files\Resources\Icons</Filter>
    </Image>
    <Image Include="..\res\icons\icon_marker_5.ico">
      <Filter>Resource Files\Resources\Icons</Filter>
    </Image>
    <Image Include="..\res\icons\icon_marker_6.ico">
      <Filter>Resource Files\Resources\Icons</Filter>
    </Image>
    <Image Include="..\res\icons\icon_marker_7.ico">
      <Filter>Resource Files\Resources\Icons</Filter>
    </Image>
    <Image Include="..\res\icons\icon_marker_8.ico">
      <Filter>Resource Files\Resources\Icons</Filter>
    </Image>
    <Image Include="..\res\icons\icon_marker_9.ico">
      <Filter>Resource Files\Resources\Icons</Filter>
    </Image>
    <Image Include="..\res\icons\icon_marker_9plus.ico">
      <Filter>Resource Files\Resources\Icons</Filter>
    </Image>
    <Image Include="..\res\icons\icon_members.ico">
      <Filter>Resource Files\Resources\Icons</Filter>
    </Image>
    <Image Include="..\res\icons\icon_members_2k.ico">
      <Filter>Resource Files\Resources\Icons</Filter>
    </Image>
    <Image Include="..\res\icons\icon_new.ico">
      <Filter>Resource Files\Resources\Icons</Filter>
    </Image>
    <Image Include="..\res\icons\icon_new_2k.ico">
      <Filter>Resource Files\Resources\Icons</Filter>
    </Image>
    <Image Include="..\res\icons\icon_new_inline.ico">
      <Filter>Resource Files\Resources\Icons</Filter>
    </Image>
    <Image Include="..\res\icons\icon_new_inline_2k.ico">
      <Filter>Resource Files\Resources\Icons</Filter>
    </Image>
    <Image Include="..\res\icons\icon_offline_small.ico">
      <Filter>Resource Files\Resources\Icons</Filter>
    </Image>
    <Image Include="..\res\icons\icon_online_small.ico">
      <Filter>Resource Files\Resources\Icons</Filter>
    </Image>
    <Image Include="..\res\icons\icon_pin.ico">
      <Filter>Resource Files\Resources\Icons</Filter>
    </Image>
    <Image Include="..\res\icons\icon_pin_2k.ico">
      <Filter>Resource Files\Resources\Icons</Filter>
    </Image>
    <Image Include="..\res\icons\icon_profile_border.ico">
      <Filter>Resource Files\Resources\Icons</Filter>
    </Image>
    <Image Include="..\res\icons\icon_profile_border_2k.ico">
      <Filter>Resource Files\Resources\Icons</Filter>
    </Image>
    <Image Include="..\res\icons\icon_profile_border_sel.ico">
      <Filter>Resource Files\Resources\Icons</Filter>
    </Image>
    <Image Include="..\res\icons\icon_profile_border_sel_2k.ico">
      <Filter>Resource Files\Resources\Icons</Filter>
    </Image>
    <Image Include="..\res\icons\icon_reply_line.ico">
      <Filter>Resource Files\Resources\Icons</Filter>
    </Image>
    <Image Include="..\res\icons\icon_reply_line_2k.ico">
      <Filter>Resource Files\Resources\Icons</Filter>
    </Image>
    <Image Include="..\res\icons\icon_send.ico">
      <Filter>Resource Files\Resources\Icons</Filter>
    </Image>
    <Image Include="..\res\icons\icon_send_2k.ico">
      <Filter>Resource Files\Resources\Icons</Filter>
    </Image>
    <Image Include="..\res\icons\icon_server.ico">
      <Filter>Resource Files\Resources\Icons</Filter>
    </Image>
    <Image Include="..\res\icons\icon_server_2k.ico">
      <Filter>Resource Files\Resources\Icons</Filter>
    </Image>
    <Image Include="..\res\icons\icon_shift_left.ico">
      <Filter>Resource Files\Resources\Icons</Filter>
    </Image>
    <Image Include="..\res\icons\icon_shift_left_2k.ico">
      <Filter>Resource Files\Resources\Icons</Filter>
    </Image>
    <Image Include="..\res\icons\icon_shift_right.ico">
      <Filter>Resource Files\Resources\Icons</Filter>
    </Image>
    <Image Include="..\res\icons\icon_shift_right_2k.ico">
      <Filter>Resource Files\Resources\Icons</Filter>
    </Image>
    <Image Include="..\res\icons\icon_status_dnd.ico">
      <Filter>Resource Files\Resources\Icons</Filter>
    </Image>
    <Image Include="..\res\icons\icon_status_idle.ico">
      <Filter>Resource Files\Resources\Icons</Filter>
    </Image>
    <Image Include="..\res\icons\icon_status_offline.ico">
      <Filter>Resource Files\Resources\Icons</Filter>
    </Image>
    <Image Include="..\res\icons\icon_status_online.ico">
      <Filter>Resource Files\Resources\Icons</Filter>
    </Image>
    <Image Include="..\res\icons\icon_typing_f1.ico">
      <Filter>Resource Files\Resources\Icons</Filter>
    </Image>
    <Image Include="..\res\icons\icon_typing_f1_2k.ico">
      <Filter>Resource Files\Resources\Icons</Filter>
    </Image>
    <Image Include="..\res\icons\icon_typing_f2.ico">
      <Filter>Resource Files\Resources\Icons</Filter>
    </Image>
    <Image Include="..\res\icons\icon_typing_f2_2k.ico">
      <Filter>Resource Files\Resources\Icons</Filter>
    </Image>
    <Image Include="..\res\icons\icon_typing_f3.ico">
      <Filter>Resource Files\Resources\Icons</Filter>
    </Image>
    <Image Include="..\res\icons\icon_typing_f3_2k.ico">
      <Filter>Resource Files\Resources\Icons</Filter>
    </Image>
    <Image Include="..\res\icons\icon_upload.ico">
      <Filter>Resource Files\Resources\Icons</Filter>
    </Image>
    <Image Include="..\res\icons\icon_user_join.ico">
      <Filter>Resource Files\Resources\Icons</Filter>
    </Image>
    <Image Include="..\res\icons\icon_user_leave.ico">
      <Filter>Resource Files\Resources\Icons</Filter>
    </Image>
    <Image Include="..\res\icons\icon_voice.ico">
      <Filter>Resource Files\Resources\Icons</Filter>
    </Image>
    <Image Include="..\res\icons\icon_voice_2k.ico">
      <Filter>Resource Files\Resources\Icons</Filter>
    </Image>
    <Image Include="..\res\icons\icon_wait.ico">
      <Filter>Resource Files\Resources\Icons</Filter>
    </Image>
    <Image Include="..\res\icons\icon_warning.ico">
      <Filter>Resource Files\Resources\Icons</Filter>
    </Image>
    <Image Include="..\res\icons\modern_app.ico">
      <Filter>Resource Files\Resources\Icons</Filter>
    </Image>
    <Image Include="..\res\bitmaps\target.bmp">
      <Filter>Resource Files\Resources\Bitmaps</Filter>
    </Image>
    <Image Include="..\res\icons\icon_boost.ico">
      <Filter>Resource Files\Resources\Icons</Filter>
    </Image>
    <Image Include="..\res\icons\icon_boost_2k.ico">
      <Filter>Resource Files\Resources\Icons</Filter>
    </Image>
    <Image Include="..\res\icons\icon_scroll.ico">
      <Filter>Resource Files\Resources\Icons</Filter>
    </Image>
    <Image Include="..\res\icons\icon_guilds.ico">
      <Filter>Resource Files\Resources\Icons</Filter>
    </Image>
    <Image Include="..\res\icons\icon_notification_2k.ico">
      <Filter>Resource Files\Resources\Icons</Filter>
    </Image>
    <Image Include="..\res\icons\icon_notification.ico">
      <Filter>Resource Files\Resources\Icons</Filter>
    </Image>
    <Image Include="..\res\icons\icon_folder.ico">
      <Filter>Resource Files</Filter>
    </Image>
    <Image Include="..\res\bitmaps\bmp_default_4bpp.bmp">
      <Filter>Resource Files</Filter>
    </Image>
    <Image Include="..\res\bitmaps\bmp_empty_4bpp.bmp">
      <Filter>Resource Files</Filter>
    </Image>
  </ItemGroup>
  <ItemGroup>
    <None Include="..\res\cursors\cur_zoomout.cur">
      <Filter>Resource Files\Resources\Cursors</Filter>
    </None>
    <None Include="..\res\cursors\cur_zoomin.cur">
      <Filter>Resource Files\Resources\Cursors</Filter>
    </None>
    <None Include="..\res\animations\upload_lc.avi">
      <Filter>Resource Files\Resources\Animations</Filter>
    </None>
    <None Include="..\res\animations\download_hc.avi">
      <Filter>Resource Files\Resources\Animations</Filter>
    </None>
    <None Include="..\res\animations\download_lc.avi">
      <Filter>Resource Files\Resources\Animations</Filter>
    </None>
    <None Include="..\res\animations\upload_hc.avi">
      <Filter>Resource Files\Resources\Animations</Filter>
    </None>
    <None Include="..\res\cursors\cur_clicker.cur">
      <Filter>Resource Files</Filter>
    </None>
  </ItemGroup>
  <ItemGroup>
    <Manifest Include="..\res\app.manifest">
      <Filter>Resource Files\Resources</Filter>
    </Manifest>
  </ItemGroup>
  <ItemGroup>
    <ResourceCompile Include="..\src\resource.rc">
      <Filter>Resource Files</Filter>
    </ResourceCompile>
  </ItemGroup>
  <ItemGroup>
    <ClInclude Include="..\src\resource.h">
      <Filter>Resource Files</Filter>
    </ClInclude>
    <ClInclude Include="..\deps\httplib\httplib.h">
      <Filter>Source Files\Deps\Httplib</Filter>
    </ClInclude>
    <ClInclude Include="..\deps\iprogramsterminate.h">
      <Filter>Source Files\Deps</Filter>
    </ClInclude>
    <ClInclude Include="..\deps\mwas\include\ri\recrypt.hpp">
      <Filter>Source Files\Deps\Mwas</Filter>
    </ClInclude>
    <ClInclude Include="..\deps\mwas\include\ri\reimpl.hpp">
      <Filter>Source Files\Deps\Mwas</Filter>
    </ClInclude>
    <ClInclude Include="..\src\core\DiscordInstance.hpp">
      <Filter>Header Files\Core</Filter>
    </ClInclude>
    <ClInclude Include="..\src\core\config\DiscordClientConfig.hpp">
      <Filter>Header Files\Core\Config</Filter>
    </ClInclude>
    <ClInclude Include="..\src\core\config\LocalSettings.hpp">
      <Filter>Header Files\Core\Config</Filter>
    </ClInclude>
    <ClInclude Include="..\src\core\config\SettingsManager.hpp">
      <Filter>Header Files\Core\Config</Filter>
    </ClInclude>
    <ClInclude Include="..\src\core\models\ActiveStatus.hpp">
      <Filter>Header Files\Core\Models</Filter>
    </ClInclude>
    <ClInclude Include="..\src\core\models\Attachment.hpp">
      <Filter>Header Files\Core\Models</Filter>
    </ClInclude>
    <ClInclude Include="..\src\core\models\Channel.hpp">
      <Filter>Header Files\Core\Models</Filter>
    </ClInclude>
    <ClInclude Include="..\src\core\models\ContentType.hpp">
      <Filter>Header Files\Core\Models</Filter>
    </ClInclude>
    <ClInclude Include="..\src\core\models\Guild.hpp">
      <Filter>Header Files\Core\Models</Filter>
    </ClInclude>
    <ClInclude Include="..\src\core\models\GuildListItem.hpp">
      <Filter>Header Files\Core\Models</Filter>
    </ClInclude>
    <ClInclude Include="..\src\core\models\GuildMember.hpp">
      <Filter>Header Files\Core\Models</Filter>
    </ClInclude>
    <ClInclude Include="..\src\core\models\Message.hpp">
      <Filter>Header Files\Core\Models</Filter>
    </ClInclude>
    <ClInclude Include="..\src\core\models\MessageType.hpp">
      <Filter>Header Files\Core\Models</Filter>
    </ClInclude>
    <ClInclude Include="..\src\core\models\Permissions.hpp">
      <Filter>Header Files\Core\Models</Filter>
    </ClInclude>
    <ClInclude Include="..\src\core\models\Profile.hpp">
      <Filter>Header Files\Core\Models</Filter>
    </ClInclude>
    <ClInclude Include="..\src\core\models\RectAndPoint.hpp">
      <Filter>Header Files\Core\Models</Filter>
    </ClInclude>
    <ClInclude Include="..\src\core\models\Relationship.hpp">
      <Filter>Header Files\Core\Models</Filter>
    </ClInclude>
    <ClInclude Include="..\src\core\models\Snowflake.hpp">
      <Filter>Header Files\Core\Models</Filter>
    </ClInclude>
    <ClInclude Include="..\src\core\models\ScrollDir.hpp">
      <Filter>Header Files\Core\Models</Filter>
    </ClInclude>
    <ClInclude Include="..\src\core\network\WebsocketClient.hpp">
      <Filter>Header Files\Core\Network</Filter>
    </ClInclude>
    <ClInclude Include="..\src\core\network\MessagePoll.hpp">
      <Filter>Header Files\Core\Network</Filter>
    </ClInclude>
    <ClInclude Include="..\src\core\network\HTTPClient.hpp">
      <Filter>Header Files\Core\Network</Filter>
    </ClInclude>
    <ClInclude Include="..\src\core\network\DiscordRequest.hpp">
      <Filter>Header Files\Core\Network</Filter>
    </ClInclude>
    <ClInclude Include="..\src\core\network\DiscordAPI.hpp">
      <Filter>Header Files\Core\Network</Filter>
    </ClInclude>
    <ClInclude Include="..\src\core\utils\Emoji.hpp">
      <Filter>Header Files\Core\Utils</Filter>
    </ClInclude>
    <ClInclude Include="..\src\core\utils\UpdateChecker.hpp">
      <Filter>Header Files\Core\Utils</Filter>
    </ClInclude>
    <ClInclude Include="..\src\core\utils\Util.hpp">
      <Filter>Header Files\Core\Utils</Filter>
    </ClInclude>
    <ClInclude Include="..\src\core\text\FormattedText.hpp">
      <Filter>Header Files\Core\Text</Filter>
    </ClInclude>
    <ClInclude Include="..\src\core\text\TextInterface.hpp">
      <Filter>Header Files\Core\Text</Filter>
    </ClInclude>
    <ClInclude Include="..\src\core\state\MessageCache.hpp">
      <Filter>Header Files\Core\State</Filter>
    </ClInclude>
    <ClInclude Include="..\src\core\state\NotificationManager.hpp">
      <Filter>Header Files\Core\State</Filter>
    </ClInclude>
    <ClInclude Include="..\src\core\state\ProfileCache.hpp">
      <Filter>Header Files\Core\State</Filter>
    </ClInclude>
    <ClInclude Include="..\src\core\state\UserGuildSettings.hpp">
      <Filter>Header Files\Core\State</Filter>
    </ClInclude>
    <ClInclude Include="..\src\windows\AboutDialog.hpp">
      <Filter>Header Files\Windows\UI\Dialogs</Filter>
    </ClInclude>
    <ClInclude Include="..\src\windows\LogonDialog.hpp">
      <Filter>Header Files\Windows\UI\Dialogs</Filter>
    </ClInclude>
    <ClInclude Include="..\src\windows\OptionsDialog.hpp">
      <Filter>Header Files\Windows\UI\Dialogs</Filter>
    </ClInclude>
    <ClInclude Include="..\src\windows\ProgressDialog.hpp">
      <Filter>Header Files\Windows\UI\Dialogs</Filter>
    </ClInclude>
    <ClInclude Include="..\src\windows\QRCodeDialog.hpp">
      <Filter>Header Files\Windows\UI\Dialogs</Filter>
    </ClInclude>
    <ClInclude Include="..\src\windows\UploadDialog.hpp">
      <Filter>Header Files\Windows\UI\Dialogs</Filter>
    </ClInclude>
    <ClInclude Include="..\src\windows\ChannelView.hpp">
      <Filter>Header Files\Windows\UI\Views</Filter>
    </ClInclude>
    <ClInclude Include="..\src\windows\ChannelViewOld.hpp">
      <Filter>Header Files\Windows\UI\Views</Filter>
    </ClInclude>
    <ClInclude Include="..\src\windows\ProfileView.hpp">
      <Filter>Header Files\Windows\UI\Views</Filter>
    </ClInclude>
    <ClInclude Include="..\src\windows\ProfilePopout.hpp">
      <Filter>Header Files\Windows\UI\Views</Filter>
    </ClInclude>
    <ClInclude Include="..\src\windows\MessageList.hpp">
      <Filter>Header Files\Windows\UI\Views</Filter>
    </ClInclude>
    <ClInclude Include="..\src\windows\MessageEditor.hpp">
      <Filter>Header Files\Windows\UI\Views</Filter>
    </ClInclude>
    <ClInclude Include="..\src\windows\LoadingMessage.hpp">
      <Filter>Header Files\Windows\UI\Views</Filter>
    </ClInclude>
    <ClInclude Include="..\src\windows\MemberList.hpp">
      <Filter>Header Files\Windows\UI\Lists</Filter>
    </ClInclude>
    <ClInclude Include="..\src\windows\PinList.hpp">
      <Filter>Header Files\Windows\UI\Lists</Filter>
    </ClInclude>
    <ClInclude Include="..\src\windows\RoleList.hpp">
      <Filter>Header Files\Windows\UI\Lists</Filter>
    </ClInclude>
    <ClInclude Include="..\src\windows\GuildLister.hpp">
      <Filter>Header Files\Windows\UI\Lists</Filter>
    </ClInclude>
    <ClInclude Include="..\src\windows\GuildHeader.hpp">
      <Filter>Header Files\Windows\UI\Lists</Filter>
    </ClInclude>
    <ClInclude Include="..\src\windows\QuickSwitcher.hpp">
      <Filter>Header Files\Windows\UI\Widgets</Filter>
    </ClInclude>
    <ClInclude Include="..\src\windows\StatusBar.hpp">
      <Filter>Header Files\Windows\UI\Widgets</Filter>
    </ClInclude>
    <ClInclude Include="..\src\windows\AutoComplete.hpp">
      <Filter>Header Files\Windows\Utils</Filter>
    </ClInclude>
    <ClInclude Include="..\src\windows\ImageLoader.hpp">
      <Filter>Header Files\Windows\Utils</Filter>
    </ClInclude>
    <ClInclude Include="..\src\windows\ImageViewer.hpp">
      <Filter>Header Files\Windows\Utils</Filter>
    </ClInclude>
    <ClInclude Include="..\src\windows\TextManager.hpp">
      <Filter>Header Files\Windows\Utils</Filter>
    </ClInclude>
    <ClInclude Include="..\src\windows\TextToSpeech.hpp">
      <Filter>Header Files\Windows\Utils</Filter>
    </ClInclude>
    <ClInclude Include="..\src\windows\WinUtils.hpp">
      <Filter>Header Files\Windows\Utils</Filter>
    </ClInclude>
    <ClInclude Include="..\src\windows\InstanceMutex.hpp">
      <Filter>Header Files\Windows\Utils</Filter>
    </ClInclude>
    <ClInclude Include="..\src\windows\AvatarCache.hpp">
      <Filter>Header Files\Windows\Services</Filter>
    </ClInclude>
    <ClInclude Include="..\src\windows\NetworkerThread.hpp">
      <Filter>Header Files\Windows\Services</Filter>
    </ClInclude>
    <ClInclude Include="..\src\windows\NotificationViewer.hpp">
      <Filter>Header Files\Windows\Services</Filter>
    </ClInclude>
    <ClInclude Include="..\src\windows\ShellNotification.hpp">
      <Filter>Header Files\Windows\Services</Filter>
    </ClInclude>
    <ClInclude Include="..\src\windows\CrashDebugger.hpp">
      <Filter>Header Files\Windows\Debug</Filter>
    </ClInclude>
    <ClInclude Include="..\src\windows\IChannelView.hpp">
      <Filter>Header Files\Windows\Interfaces</Filter>
    </ClInclude>
    <ClInclude Include="..\src\windows\IMemberList.hpp">
      <Filter>Header Files\Windows\Interfaces</Filter>
    </ClInclude>
    <ClInclude Include="..\src\windows\MemberListOld.hpp">
      <Filter>Header Files\Windows\UI\Lists</Filter>
    </ClInclude>
    <ClInclude Include="..\src\windows\Config.hpp">
      <Filter>Header Files\Windows\Core</Filter>
    </ClInclude>
    <ClInclude Include="..\src\windows\Frontend_Win32.hpp">
      <Filter>Header Files\Windows\Core</Filter>
    </ClInclude>
    <ClInclude Include="..\src\windows\Main.hpp">
      <Filter>Header Files\Windows\Core</Filter>
    </ClInclude>
    <ClInclude Include="..\src\windows\Measurements.hpp">
      <Filter>Header Files\Windows\Core</Filter>
    </ClInclude>
    <ClInclude Include="..\src\windows\WindowMessages.hpp">
      <Filter>Header Files\Windows\Core</Filter>
    </ClInclude>
    <ClInclude Include="..\src\windows\TextInterface_Win32.hpp">
      <Filter>Header Files\Windows\Core</Filter>
    </ClInclude>
    <ClInclude Include="..\src\windows\MissingDefinitions.hpp">
      <Filter>Header Files\Windows\Core</Filter>
    </ClInclude>
  </ItemGroup>
  <ItemGroup>
    <ClCompile Include="..\deps\asio\src\asio.cpp">
      <Filter>Source Files\Deps\Asio</Filter>
    </ClCompile>
    <ClCompile Include="..\deps\asio\src\asio_ssl.cpp">
      <Filter>Source Files\Deps\Asio</Filter>
    </ClCompile>
    <ClCompile Include="..\deps\mwas\src\reimpl.cpp">
      <Filter>Source Files\Deps\Mwas</Filter>
    </ClCompile>
    <ClCompile Include="..\deps\md5\MD5.cpp">
      <Filter>Source Files\Deps\Md5</Filter>
    </ClCompile>
    <ClCompile Include="..\src\core\DiscordInstance.cpp">
      <Filter>Source Files</Filter>
    </ClCompile>
    <ClCompile Include="..\src\core\config\DiscordClientConfig.cpp">
      <Filter>Source Files\Core\Config</Filter>
    </ClCompile>
    <ClCompile Include="..\src\core\config\LocalSettings.cpp">
      <Filter>Source Files\Core\Config</Filter>
    </ClCompile>
    <ClCompile Include="..\src\core\config\SettingsManager.cpp">
      <Filter>Source Files\Core\Config</Filter>
    </ClCompile>
    <ClCompile Include="..\src\core\models\Channel.cpp">
      <Filter>Source Files\Core\Models</Filter>
    </ClCompile>
    <ClCompile Include="..\src\core\models\Guild.cpp">
      <Filter>Source Files\Core\Models</Filter>
    </ClCompile>
    <ClCompile Include="..\src\core\models\GuildListItem.cpp">
      <Filter>Source Files\Core\Models</Filter>
    </ClCompile>
    <ClCompile Include="..\src\core\models\Message.cpp">
      <Filter>Source Files\Core\Models</Filter>
    </ClCompile>
    <ClCompile Include="..\src\core\models\Profile.cpp">
      <Filter>Source Files\Core\Models</Filter>
    </ClCompile>
    <ClCompile Include="..\src\core\models\Relationship.cpp">
      <Filter>Source Files\Core\Models</Filter>
    </ClCompile>
    <ClCompile Include="..\src\core\network\DiscordAPI.cpp">
      <Filter>Source Files\Core\Network</Filter>
    </ClCompile>
    <ClCompile Include="..\src\core\network\HTTPClient.cpp">
      <Filter>Source Files\Core\Network</Filter>
    </ClCompile>
    <ClCompile Include="..\src\core\network\MessagePoll.cpp">
      <Filter>Source Files\Core\Network</Filter>
    </ClCompile>
    <ClCompile Include="..\src\core\network\WebsocketClient.cpp">
      <Filter>Source Files\Core\Network</Filter>
    </ClCompile>
    <ClCompile Include="..\src\core\utils\Emoji.cpp">
      <Filter>Source Files\Core\Utils</Filter>
    </ClCompile>
    <ClCompile Include="..\src\core\utils\UpdateChecker.cpp">
      <Filter>Source Files\Core\Utils</Filter>
    </ClCompile>
    <ClCompile Include="..\src\core\utils\Util.cpp">
      <Filter>Source Files\Core\Utils</Filter>
    </ClCompile>
    <ClCompile Include="..\src\core\text\FormattedText.cpp">
      <Filter>Source Files\Core\Text</Filter>
    </ClCompile>
    <ClCompile Include="..\src\core\state\MessageCache.cpp">
      <Filter>Source Files\Core\State</Filter>
    </ClCompile>
    <ClCompile Include="..\src\core\state\NotificationManager.cpp">
      <Filter>Source Files\Core\State</Filter>
    </ClCompile>
    <ClCompile Include="..\src\core\state\ProfileCache.cpp">
      <Filter>Source Files\Core\State</Filter>
    </ClCompile>
    <ClCompile Include="..\src\core\state\UserGuildSettings.cpp">
      <Filter>Source Files\Core\State</Filter>
    </ClCompile>
    <ClCompile Include="..\src\windows\AboutDialog.cpp">
      <Filter>Source Files\Windows\UI\Dialogs</Filter>
    </ClCompile>
    <ClCompile Include="..\src\windows\LogonDialog.cpp">
      <Filter>Source Files\Windows\UI\Dialogs</Filter>
    </ClCompile>
    <ClCompile Include="..\src\windows\OptionsDialog.cpp">
      <Filter>Source Files\Windows\UI\Dialogs</Filter>
    </ClCompile>
    <ClCompile Include="..\src\windows\ProgressDialog.cpp">
      <Filter>Source Files\Windows\UI\Dialogs</Filter>
    </ClCompile>
    <ClCompile Include="..\src\windows\QRCodeDialog.cpp">
      <Filter>Source Files\Windows\UI\Dialogs</Filter>
    </ClCompile>
    <ClCompile Include="..\src\windows\UploadDialog.cpp">
      <Filter>Source Files\Windows\UI\Dialogs</Filter>
    </ClCompile>
    <ClCompile Include="..\src\windows\ChannelView.cpp">
      <Filter>Source Files\Windows\UI\Views</Filter>
    </ClCompile>
    <ClCompile Include="..\src\windows\ChannelViewOld.cpp">
      <Filter>Source Files\Windows\UI\Views</Filter>
    </ClCompile>
    <ClCompile Include="..\src\windows\LoadingMessage.cpp">
      <Filter>Source Files\Windows\UI\Views</Filter>
    </ClCompile>
    <ClCompile Include="..\src\windows\MessageEditor.cpp">
      <Filter>Source Files\Windows\UI\Views</Filter>
    </ClCompile>
    <ClCompile Include="..\src\windows\MessageList.cpp">
      <Filter>Source Files\Windows\UI\Views</Filter>
    </ClCompile>
    <ClCompile Include="..\src\windows\ProfilePopout.cpp">
      <Filter>Source Files\Windows\UI\Views</Filter>
    </ClCompile>
    <ClCompile Include="..\src\windows\ProfileView.cpp">
      <Filter>Source Files\Windows\UI\Views</Filter>
    </ClCompile>
    <ClCompile Include="..\src\windows\QuickSwitcher.cpp">
      <Filter>Source Files\Windows\UI\Widgets</Filter>
    </ClCompile>
    <ClCompile Include="..\src\windows\StatusBar.cpp">
      <Filter>Source Files\Windows\UI\Widgets</Filter>
    </ClCompile>
    <ClCompile Include="..\src\windows\GuildHeader.cpp">
      <Filter>Source Files\Windows\UI\Lists</Filter>
    </ClCompile>
    <ClCompile Include="..\src\windows\GuildLister.cpp">
      <Filter>Source Files\Windows\UI\Lists</Filter>
    </ClCompile>
    <ClCompile Include="..\src\windows\MemberList.cpp">
      <Filter>Source Files\Windows\UI\Lists</Filter>
    </ClCompile>
    <ClCompile Include="..\src\windows\MemberListOld.cpp">
      <Filter>Source Files\Windows\UI\Lists</Filter>
    </ClCompile>
    <ClCompile Include="..\src\windows\PinList.cpp">
      <Filter>Source Files\Windows\UI\Lists</Filter>
    </ClCompile>
    <ClCompile Include="..\src\windows\RoleList.cpp">
      <Filter>Source Files\Windows\UI\Lists</Filter>
    </ClCompile>
    <ClCompile Include="..\src\windows\AvatarCache.cpp">
      <Filter>Source Files\Windows\Services</Filter>
    </ClCompile>
    <ClCompile Include="..\src\windows\NetworkerThread.cpp">
      <Filter>Source Files\Windows\Services</Filter>
    </ClCompile>
    <ClCompile Include="..\src\windows\NotificationViewer.cpp">
      <Filter>Source Files\Windows\Services</Filter>
    </ClCompile>
    <ClCompile Include="..\src\windows\ShellNotification.cpp">
      <Filter>Source Files\Windows\Services</Filter>
    </ClCompile>
    <ClCompile Include="..\src\windows\CrashDebugger.cpp">
      <Filter>Source Files\Windows\Debug</Filter>
    </ClCompile>
    <ClCompile Include="..\src\windows\IChannelView.cpp">
      <Filter>Source Files\Windows\Interfaces</Filter>
    </ClCompile>
    <ClCompile Include="..\src\windows\IMemberList.cpp">
      <Filter>Source Files\Windows\Interfaces</Filter>
    </ClCompile>
    <ClCompile Include="..\src\windows\AutoComplete.cpp">
      <Filter>Source Files\Windows\Utils</Filter>
    </ClCompile>
    <ClCompile Include="..\src\windows\ImageLoader.cpp">
      <Filter>Source Files\Windows\Utils</Filter>
    </ClCompile>
    <ClCompile Include="..\src\windows\ImageViewer.cpp">
      <Filter>Source Files\Windows\Utils</Filter>
    </ClCompile>
    <ClCompile Include="..\src\windows\InstanceMutex.cpp">
      <Filter>Source Files\Windows\Utils</Filter>
    </ClCompile>
    <ClCompile Include="..\src\windows\TextManager.cpp">
      <Filter>Source Files\Windows\Utils</Filter>
    </ClCompile>
    <ClCompile Include="..\src\windows\WinUtils.cpp">
      <Filter>Source Files\Windows\Utils</Filter>
    </ClCompile>
    <ClCompile Include="..\src\windows\Frontend_Win32.cpp">
      <Filter>Source Files\Windows\Core</Filter>
    </ClCompile>
    <ClCompile Include="..\src\windows\Main.cpp">
      <Filter>Source Files\Windows\Core</Filter>
    </ClCompile>
    <ClCompile Include="..\src\windows\TextInterface_Win32.cpp">
      <Filter>Source Files\Windows\Core</Filter>
    </ClCompile>
    <ClCompile Include="..\src\windows\TextToSpeech.cpp">
      <Filter>Source Files\Windows\Core</Filter>
    </ClCompile>
  </ItemGroup>
</Project>